// !$*UTF8*$!
{
	archiveVersion = 1;
	classes = {
	};
	objectVersion = 46;
	objects = {

/* Begin PBXBuildFile section */
		3B81D02F166700B500AB5269 /* UIKit.framework in Frameworks */ = {isa = PBXBuildFile; fileRef = 3B81D02E166700B500AB5269 /* UIKit.framework */; };
		3B81D031166700B500AB5269 /* Foundation.framework in Frameworks */ = {isa = PBXBuildFile; fileRef = 3B81D030166700B500AB5269 /* Foundation.framework */; };
		3B81D033166700B500AB5269 /* CoreGraphics.framework in Frameworks */ = {isa = PBXBuildFile; fileRef = 3B81D032166700B500AB5269 /* CoreGraphics.framework */; };
		3B81D039166700B500AB5269 /* InfoPlist.strings in Resources */ = {isa = PBXBuildFile; fileRef = 3B81D037166700B500AB5269 /* InfoPlist.strings */; };
		3B81D03B166700B500AB5269 /* main.m in Sources */ = {isa = PBXBuildFile; fileRef = 3B81D03A166700B500AB5269 /* main.m */; };
		3B81D03F166700B500AB5269 /* AppDelegate.m in Sources */ = {isa = PBXBuildFile; fileRef = 3B81D03E166700B500AB5269 /* AppDelegate.m */; };
		3B81D041166700B500AB5269 /* Default.png in Resources */ = {isa = PBXBuildFile; fileRef = 3B81D040166700B500AB5269 /* Default.png */; };
		3B81D043166700B500AB5269 /* Default@2x.png in Resources */ = {isa = PBXBuildFile; fileRef = 3B81D042166700B500AB5269 /* Default@2x.png */; };
		3B81D045166700B500AB5269 /* Default-568h@2x.png in Resources */ = {isa = PBXBuildFile; fileRef = 3B81D044166700B500AB5269 /* Default-568h@2x.png */; };
		3B81D048166700B500AB5269 /* ViewController.m in Sources */ = {isa = PBXBuildFile; fileRef = 3B81D047166700B500AB5269 /* ViewController.m */; };
		3B81D04B166700B500AB5269 /* ViewController_iPhone.xib in Resources */ = {isa = PBXBuildFile; fileRef = 3B81D049166700B500AB5269 /* ViewController_iPhone.xib */; };
		3B81D04E166700B500AB5269 /* ViewController_iPad.xib in Resources */ = {isa = PBXBuildFile; fileRef = 3B81D04C166700B500AB5269 /* ViewController_iPad.xib */; };
		3B81D055166704B800AB5269 /* Calendar-Week.png in Resources */ = {isa = PBXBuildFile; fileRef = 3B81D054166704B800AB5269 /* Calendar-Week.png */; };
		3B81D0571667050300AB5269 /* appbar.phonebook.rest.png in Resources */ = {isa = PBXBuildFile; fileRef = 3B81D0561667050300AB5269 /* appbar.phonebook.rest.png */; };
		3B81D05B1667056C00AB5269 /* appbar.time.rest.png in Resources */ = {isa = PBXBuildFile; fileRef = 3B81D05A1667056C00AB5269 /* appbar.time.rest.png */; };
		3B81D05D1667063A00AB5269 /* appbar.pin.rest.png in Resources */ = {isa = PBXBuildFile; fileRef = 3B81D05C1667063A00AB5269 /* appbar.pin.rest.png */; };
		3B81D0611667066C00AB5269 /* appbar.numberlist.rest.png in Resources */ = {isa = PBXBuildFile; fileRef = 3B81D0601667066C00AB5269 /* appbar.numberlist.rest.png */; };
/* End PBXBuildFile section */

/* Begin PBXFileReference section */
		3B81D02A166700B500AB5269 /* TCDB2.app */ = {isa = PBXFileReference; explicitFileType = wrapper.application; includeInIndex = 0; path = TCDB2.app; sourceTree = BUILT_PRODUCTS_DIR; };
		3B81D02E166700B500AB5269 /* UIKit.framework */ = {isa = PBXFileReference; lastKnownFileType = wrapper.framework; name = UIKit.framework; path = System/Library/Frameworks/UIKit.framework; sourceTree = SDKROOT; };
		3B81D030166700B500AB5269 /* Foundation.framework */ = {isa = PBXFileReference; lastKnownFileType = wrapper.framework; name = Foundation.framework; path = System/Library/Frameworks/Foundation.framework; sourceTree = SDKROOT; };
		3B81D032166700B500AB5269 /* CoreGraphics.framework */ = {isa = PBXFileReference; lastKnownFileType = wrapper.framework; name = CoreGraphics.framework; path = System/Library/Frameworks/CoreGraphics.framework; sourceTree = SDKROOT; };
		3B81D036166700B500AB5269 /* TCDB2-Info.plist */ = {isa = PBXFileReference; lastKnownFileType = text.plist.xml; path = "TCDB2-Info.plist"; sourceTree = "<group>"; };
		3B81D038166700B500AB5269 /* en */ = {isa = PBXFileReference; lastKnownFileType = text.plist.strings; name = en; path = en.lproj/InfoPlist.strings; sourceTree = "<group>"; };
		3B81D03A166700B500AB5269 /* main.m */ = {isa = PBXFileReference; lastKnownFileType = sourcecode.c.objc; path = main.m; sourceTree = "<group>"; };
		3B81D03C166700B500AB5269 /* TCDB2-Prefix.pch */ = {isa = PBXFileReference; lastKnownFileType = sourcecode.c.h; path = "TCDB2-Prefix.pch"; sourceTree = "<group>"; };
		3B81D03D166700B500AB5269 /* AppDelegate.h */ = {isa = PBXFileReference; lastKnownFileType = sourcecode.c.h; path = AppDelegate.h; sourceTree = "<group>"; };
		3B81D03E166700B500AB5269 /* AppDelegate.m */ = {isa = PBXFileReference; lastKnownFileType = sourcecode.c.objc; path = AppDelegate.m; sourceTree = "<group>"; };
		3B81D040166700B500AB5269 /* Default.png */ = {isa = PBXFileReference; lastKnownFileType = image.png; path = Default.png; sourceTree = "<group>"; };
		3B81D042166700B500AB5269 /* Default@2x.png */ = {isa = PBXFileReference; lastKnownFileType = image.png; path = "Default@2x.png"; sourceTree = "<group>"; };
		3B81D044166700B500AB5269 /* Default-568h@2x.png */ = {isa = PBXFileReference; lastKnownFileType = image.png; path = "Default-568h@2x.png"; sourceTree = "<group>"; };
		3B81D046166700B500AB5269 /* ViewController.h */ = {isa = PBXFileReference; lastKnownFileType = sourcecode.c.h; path = ViewController.h; sourceTree = "<group>"; };
		3B81D047166700B500AB5269 /* ViewController.m */ = {isa = PBXFileReference; lastKnownFileType = sourcecode.c.objc; path = ViewController.m; sourceTree = "<group>"; };
		3B81D04A166700B500AB5269 /* en */ = {isa = PBXFileReference; lastKnownFileType = file.xib; name = en; path = en.lproj/ViewController_iPhone.xib; sourceTree = "<group>"; };
		3B81D04D166700B500AB5269 /* en */ = {isa = PBXFileReference; lastKnownFileType = file.xib; name = en; path = en.lproj/ViewController_iPad.xib; sourceTree = "<group>"; };
		3B81D054166704B800AB5269 /* Calendar-Week.png */ = {isa = PBXFileReference; lastKnownFileType = image.png; path = "Calendar-Week.png"; sourceTree = "<group>"; };
		3B81D0561667050300AB5269 /* appbar.phonebook.rest.png */ = {isa = PBXFileReference; lastKnownFileType = image.png; path = appbar.phonebook.rest.png; sourceTree = "<group>"; };
		3B81D05A1667056C00AB5269 /* appbar.time.rest.png */ = {isa = PBXFileReference; lastKnownFileType = image.png; name = appbar.time.rest.png; path = ../appbar.time.rest.png; sourceTree = "<group>"; };
		3B81D05C1667063A00AB5269 /* appbar.pin.rest.png */ = {isa = PBXFileReference; lastKnownFileType = image.png; name = appbar.pin.rest.png; path = ../appbar.pin.rest.png; sourceTree = "<group>"; };
		3B81D0601667066C00AB5269 /* appbar.numberlist.rest.png */ = {isa = PBXFileReference; lastKnownFileType = image.png; name = appbar.numberlist.rest.png; path = ../appbar.numberlist.rest.png; sourceTree = "<group>"; };
/* End PBXFileReference section */

/* Begin PBXFrameworksBuildPhase section */
		3B81D027166700B500AB5269 /* Frameworks */ = {
			isa = PBXFrameworksBuildPhase;
			buildActionMask = 2147483647;
			files = (
				3B81D02F166700B500AB5269 /* UIKit.framework in Frameworks */,
				3B81D031166700B500AB5269 /* Foundation.framework in Frameworks */,
				3B81D033166700B500AB5269 /* CoreGraphics.framework in Frameworks */,
			);
			runOnlyForDeploymentPostprocessing = 0;
		};
/* End PBXFrameworksBuildPhase section */

/* Begin PBXGroup section */
		3B81D01F166700B500AB5269 = {
			isa = PBXGroup;
			children = (
				3B81D034166700B500AB5269 /* TCDB2 */,
				3B81D02D166700B500AB5269 /* Frameworks */,
				3B81D02B166700B500AB5269 /* Products */,
			);
			sourceTree = "<group>";
		};
		3B81D02B166700B500AB5269 /* Products */ = {
			isa = PBXGroup;
			children = (
				3B81D02A166700B500AB5269 /* TCDB2.app */,
			);
			name = Products;
			sourceTree = "<group>";
		};
		3B81D02D166700B500AB5269 /* Frameworks */ = {
			isa = PBXGroup;
			children = (
				3B81D02E166700B500AB5269 /* UIKit.framework */,
				3B81D030166700B500AB5269 /* Foundation.framework */,
				3B81D032166700B500AB5269 /* CoreGraphics.framework */,
			);
			name = Frameworks;
			sourceTree = "<group>";
		};
		3B81D034166700B500AB5269 /* TCDB2 */ = {
			isa = PBXGroup;
			children = (
				3B81D03D166700B500AB5269 /* AppDelegate.h */,
				3B81D03E166700B500AB5269 /* AppDelegate.m */,
				3B81D046166700B500AB5269 /* ViewController.h */,
				3B81D047166700B500AB5269 /* ViewController.m */,
				3B81D049166700B500AB5269 /* ViewController_iPhone.xib */,
				3B81D04C166700B500AB5269 /* ViewController_iPad.xib */,
				3B81D035166700B500AB5269 /* Supporting Files */,
			);
			path = TCDB2;
			sourceTree = "<group>";
		};
		3B81D035166700B500AB5269 /* Supporting Files */ = {
			isa = PBXGroup;
			children = (
				3B81D054166704B800AB5269 /* Calendar-Week.png */,
				3B81D0561667050300AB5269 /* appbar.phonebook.rest.png */,
				3B81D05A1667056C00AB5269 /* appbar.time.rest.png */,
				3B81D0601667066C00AB5269 /* appbar.numberlist.rest.png */,
				3B81D05C1667063A00AB5269 /* appbar.pin.rest.png */,
				3B81D036166700B500AB5269 /* TCDB2-Info.plist */,
				3B81D037166700B500AB5269 /* InfoPlist.strings */,
				3B81D03A166700B500AB5269 /* main.m */,
				3B81D03C166700B500AB5269 /* TCDB2-Prefix.pch */,
				3B81D040166700B500AB5269 /* Default.png */,
				3B81D042166700B500AB5269 /* Default@2x.png */,
				3B81D044166700B500AB5269 /* Default-568h@2x.png */,
			);
			name = "Supporting Files";
			sourceTree = "<group>";
		};
/* End PBXGroup section */

/* Begin PBXNativeTarget section */
		3B81D029166700B500AB5269 /* TCDB2 */ = {
			isa = PBXNativeTarget;
			buildConfigurationList = 3B81D051166700B500AB5269 /* Build configuration list for PBXNativeTarget "TCDB2" */;
			buildPhases = (
				3B81D026166700B500AB5269 /* Sources */,
				3B81D027166700B500AB5269 /* Frameworks */,
				3B81D028166700B500AB5269 /* Resources */,
			);
			buildRules = (
			);
			dependencies = (
			);
			name = TCDB2;
			productName = TCDB2;
			productReference = 3B81D02A166700B500AB5269 /* TCDB2.app */;
			productType = "com.apple.product-type.application";
		};
/* End PBXNativeTarget section */

/* Begin PBXProject section */
		3B81D021166700B500AB5269 /* Project object */ = {
			isa = PBXProject;
			attributes = {
				LastUpgradeCheck = 0450;
				ORGANIZATIONNAME = GrinnellAppDev;
			};
			buildConfigurationList = 3B81D024166700B500AB5269 /* Build configuration list for PBXProject "TCDB2" */;
			compatibilityVersion = "Xcode 3.2";
			developmentRegion = English;
			hasScannedForEncodings = 0;
			knownRegions = (
				en,
			);
			mainGroup = 3B81D01F166700B500AB5269;
			productRefGroup = 3B81D02B166700B500AB5269 /* Products */;
			projectDirPath = "";
			projectRoot = "";
			targets = (
				3B81D029166700B500AB5269 /* TCDB2 */,
			);
		};
/* End PBXProject section */

/* Begin PBXResourcesBuildPhase section */
		3B81D028166700B500AB5269 /* Resources */ = {
			isa = PBXResourcesBuildPhase;
			buildActionMask = 2147483647;
			files = (
				3B81D039166700B500AB5269 /* InfoPlist.strings in Resources */,
				3B81D041166700B500AB5269 /* Default.png in Resources */,
				3B81D043166700B500AB5269 /* Default@2x.png in Resources */,
				3B81D045166700B500AB5269 /* Default-568h@2x.png in Resources */,
				3B81D04B166700B500AB5269 /* ViewController_iPhone.xib in Resources */,
				3B81D04E166700B500AB5269 /* ViewController_iPad.xib in Resources */,
				3B81D055166704B800AB5269 /* Calendar-Week.png in Resources */,
				3B81D0571667050300AB5269 /* appbar.phonebook.rest.png in Resources */,
				3B81D05B1667056C00AB5269 /* appbar.time.rest.png in Resources */,
				3B81D05D1667063A00AB5269 /* appbar.pin.rest.png in Resources */,
				3B81D0611667066C00AB5269 /* appbar.numberlist.rest.png in Resources */,
			);
			runOnlyForDeploymentPostprocessing = 0;
		};
/* End PBXResourcesBuildPhase section */

/* Begin PBXSourcesBuildPhase section */
		3B81D026166700B500AB5269 /* Sources */ = {
			isa = PBXSourcesBuildPhase;
			buildActionMask = 2147483647;
			files = (
				3B81D03B166700B500AB5269 /* main.m in Sources */,
				3B81D03F166700B500AB5269 /* AppDelegate.m in Sources */,
				3B81D048166700B500AB5269 /* ViewController.m in Sources */,
			);
			runOnlyForDeploymentPostprocessing = 0;
		};
/* End PBXSourcesBuildPhase section */

/* Begin PBXVariantGroup section */
		3B81D037166700B500AB5269 /* InfoPlist.strings */ = {
			isa = PBXVariantGroup;
			children = (
				3B81D038166700B500AB5269 /* en */,
			);
			name = InfoPlist.strings;
			sourceTree = "<group>";
		};
		3B81D049166700B500AB5269 /* ViewController_iPhone.xib */ = {
			isa = PBXVariantGroup;
			children = (
				3B81D04A166700B500AB5269 /* en */,
			);
			name = ViewController_iPhone.xib;
			sourceTree = "<group>";
		};
		3B81D04C166700B500AB5269 /* ViewController_iPad.xib */ = {
			isa = PBXVariantGroup;
			children = (
				3B81D04D166700B500AB5269 /* en */,
			);
			name = ViewController_iPad.xib;
			sourceTree = "<group>";
		};
/* End PBXVariantGroup section */

/* Begin XCBuildConfiguration section */
		3B81D04F166700B500AB5269 /* Debug */ = {
			isa = XCBuildConfiguration;
			buildSettings = {
				ALWAYS_SEARCH_USER_PATHS = NO;
				CLANG_CXX_LANGUAGE_STANDARD = "gnu++0x";
				CLANG_CXX_LIBRARY = "libc++";
				CLANG_ENABLE_OBJC_ARC = YES;
				CLANG_WARN_EMPTY_BODY = YES;
				CLANG_WARN__DUPLICATE_METHOD_MATCH = YES;
				"CODE_SIGN_IDENTITY[sdk=iphoneos*]" = "iPhone Developer";
				COPY_PHASE_STRIP = NO;
				GCC_C_LANGUAGE_STANDARD = gnu99;
				GCC_DYNAMIC_NO_PIC = NO;
				GCC_OPTIMIZATION_LEVEL = 0;
				GCC_PREPROCESSOR_DEFINITIONS = (
					"DEBUG=1",
					"$(inherited)",
				);
				GCC_SYMBOLS_PRIVATE_EXTERN = NO;
				GCC_WARN_ABOUT_RETURN_TYPE = YES;
				GCC_WARN_UNINITIALIZED_AUTOS = YES;
				GCC_WARN_UNUSED_VARIABLE = YES;
				IPHONEOS_DEPLOYMENT_TARGET = 6.0;
				ONLY_ACTIVE_ARCH = YES;
				SDKROOT = iphoneos;
				TARGETED_DEVICE_FAMILY = "1,2";
			};
			name = Debug;
		};
		3B81D050166700B500AB5269 /* Release */ = {
			isa = XCBuildConfiguration;
			buildSettings = {
				ALWAYS_SEARCH_USER_PATHS = NO;
				CLANG_CXX_LANGUAGE_STANDARD = "gnu++0x";
				CLANG_CXX_LIBRARY = "libc++";
				CLANG_ENABLE_OBJC_ARC = YES;
				CLANG_WARN_EMPTY_BODY = YES;
				CLANG_WARN__DUPLICATE_METHOD_MATCH = YES;
				"CODE_SIGN_IDENTITY[sdk=iphoneos*]" = "iPhone Developer";
				COPY_PHASE_STRIP = YES;
				GCC_C_LANGUAGE_STANDARD = gnu99;
				GCC_WARN_ABOUT_RETURN_TYPE = YES;
				GCC_WARN_UNINITIALIZED_AUTOS = YES;
				GCC_WARN_UNUSED_VARIABLE = YES;
				IPHONEOS_DEPLOYMENT_TARGET = 6.0;
				OTHER_CFLAGS = "-DNS_BLOCK_ASSERTIONS=1";
				SDKROOT = iphoneos;
				TARGETED_DEVICE_FAMILY = "1,2";
				VALIDATE_PRODUCT = YES;
			};
			name = Release;
		};
		3B81D052166700B500AB5269 /* Debug */ = {
			isa = XCBuildConfiguration;
			buildSettings = {
				GCC_PRECOMPILE_PREFIX_HEADER = YES;
				GCC_PREFIX_HEADER = "TCDB2/TCDB2-Prefix.pch";
				INFOPLIST_FILE = "TCDB2/TCDB2-Info.plist";
				IPHONEOS_DEPLOYMENT_TARGET = 5.0;
				PRODUCT_NAME = "$(TARGET_NAME)";
				WRAPPER_EXTENSION = app;
			};
			name = Debug;
		};
		3B81D053166700B500AB5269 /* Release */ = {
			isa = XCBuildConfiguration;
			buildSettings = {
				GCC_PRECOMPILE_PREFIX_HEADER = YES;
				GCC_PREFIX_HEADER = "TCDB2/TCDB2-Prefix.pch";
				INFOPLIST_FILE = "TCDB2/TCDB2-Info.plist";
				IPHONEOS_DEPLOYMENT_TARGET = 5.0;
				PRODUCT_NAME = "$(TARGET_NAME)";
				WRAPPER_EXTENSION = app;
			};
			name = Release;
		};
/* End XCBuildConfiguration section */

/* Begin XCConfigurationList section */
		3B81D024166700B500AB5269 /* Build configuration list for PBXProject "TCDB2" */ = {
			isa = XCConfigurationList;
			buildConfigurations = (
				3B81D04F166700B500AB5269 /* Debug */,
				3B81D050166700B500AB5269 /* Release */,
			);
			defaultConfigurationIsVisible = 0;
			defaultConfigurationName = Release;
		};
		3B81D051166700B500AB5269 /* Build configuration list for PBXNativeTarget "TCDB2" */ = {
			isa = XCConfigurationList;
			buildConfigurations = (
				3B81D052166700B500AB5269 /* Debug */,
				3B81D053166700B500AB5269 /* Release */,
			);
			defaultConfigurationIsVisible = 0;
		};
/* End XCConfigurationList section */
	};
	rootObject = 3B81D021166700B500AB5269 /* Project object */;
}
