// !$*UTF8*$!
{
	archiveVersion = 1;
	classes = {
	};
	objectVersion = 46;
	objects = {

/* Begin PBXBuildFile section */
		3B7492FD166A765900BAC7E4 /* appbar.numberlist.rest.png in Resources */ = {isa = PBXBuildFile; fileRef = 3B7492F8166A765900BAC7E4 /* appbar.numberlist.rest.png */; };
		3B7492FE166A765900BAC7E4 /* appbar.phonebook.rest.png in Resources */ = {isa = PBXBuildFile; fileRef = 3B7492F9166A765900BAC7E4 /* appbar.phonebook.rest.png */; };
		3B7492FF166A765900BAC7E4 /* appbar.pin.rest.png in Resources */ = {isa = PBXBuildFile; fileRef = 3B7492FA166A765900BAC7E4 /* appbar.pin.rest.png */; };
		3B749300166A765900BAC7E4 /* appbar.time.rest.png in Resources */ = {isa = PBXBuildFile; fileRef = 3B7492FB166A765900BAC7E4 /* appbar.time.rest.png */; };
		3B749301166A765900BAC7E4 /* Calendar-Week.png in Resources */ = {isa = PBXBuildFile; fileRef = 3B7492FC166A765900BAC7E4 /* Calendar-Week.png */; };
		3B749306166A767000BAC7E4 /* IIViewDeckController.m in Sources */ = {isa = PBXBuildFile; fileRef = 3B749303166A767000BAC7E4 /* IIViewDeckController.m */; };
		3B749307166A767000BAC7E4 /* WrapController.m in Sources */ = {isa = PBXBuildFile; fileRef = 3B749305166A767000BAC7E4 /* WrapController.m */; };
		3B74930B166A77CB00BAC7E4 /* MenuViewController.m in Sources */ = {isa = PBXBuildFile; fileRef = 3B749309166A77CB00BAC7E4 /* MenuViewController.m */; };
		3B74930C166A77CB00BAC7E4 /* MenuViewController.xib in Resources */ = {isa = PBXBuildFile; fileRef = 3B74930A166A77CB00BAC7E4 /* MenuViewController.xib */; };
		3B74930E166A77E400BAC7E4 /* HomeViewController.xib in Resources */ = {isa = PBXBuildFile; fileRef = 3B74930D166A77E400BAC7E4 /* HomeViewController.xib */; };
		3B8079B5166A82A0005FB31A /* ClockViewController.m in Sources */ = {isa = PBXBuildFile; fileRef = 3B8079B3166A82A0005FB31A /* ClockViewController.m */; };
		3B8079B6166A82A0005FB31A /* ClockViewController.xib in Resources */ = {isa = PBXBuildFile; fileRef = 3B8079B4166A82A0005FB31A /* ClockViewController.xib */; };
		3B8079BB166A8A45005FB31A /* ScheduleViewController.m in Sources */ = {isa = PBXBuildFile; fileRef = 3B8079B9166A8A44005FB31A /* ScheduleViewController.m */; };
		3B8079BC166A8A45005FB31A /* ScheduleViewController.xib in Resources */ = {isa = PBXBuildFile; fileRef = 3B8079BA166A8A44005FB31A /* ScheduleViewController.xib */; };
		3B8079C3166A8B60005FB31A /* DirectoryViewController.m in Sources */ = {isa = PBXBuildFile; fileRef = 3B8079C1166A8B60005FB31A /* DirectoryViewController.m */; };
		3B8079C4166A8B60005FB31A /* DirectoryViewController.xib in Resources */ = {isa = PBXBuildFile; fileRef = 3B8079C2166A8B60005FB31A /* DirectoryViewController.xib */; };
		3B81D02F166700B500AB5269 /* UIKit.framework in Frameworks */ = {isa = PBXBuildFile; fileRef = 3B81D02E166700B500AB5269 /* UIKit.framework */; };
		3B81D031166700B500AB5269 /* Foundation.framework in Frameworks */ = {isa = PBXBuildFile; fileRef = 3B81D030166700B500AB5269 /* Foundation.framework */; };
		3B81D033166700B500AB5269 /* CoreGraphics.framework in Frameworks */ = {isa = PBXBuildFile; fileRef = 3B81D032166700B500AB5269 /* CoreGraphics.framework */; };
		3B81D039166700B500AB5269 /* InfoPlist.strings in Resources */ = {isa = PBXBuildFile; fileRef = 3B81D037166700B500AB5269 /* InfoPlist.strings */; };
		3B81D03B166700B500AB5269 /* main.m in Sources */ = {isa = PBXBuildFile; fileRef = 3B81D03A166700B500AB5269 /* main.m */; };
		3B81D03F166700B500AB5269 /* AppDelegate.m in Sources */ = {isa = PBXBuildFile; fileRef = 3B81D03E166700B500AB5269 /* AppDelegate.m */; };
		3B81D041166700B500AB5269 /* Default.png in Resources */ = {isa = PBXBuildFile; fileRef = 3B81D040166700B500AB5269 /* Default.png */; };
		3B81D043166700B500AB5269 /* Default@2x.png in Resources */ = {isa = PBXBuildFile; fileRef = 3B81D042166700B500AB5269 /* Default@2x.png */; };
		3B81D045166700B500AB5269 /* Default-568h@2x.png in Resources */ = {isa = PBXBuildFile; fileRef = 3B81D044166700B500AB5269 /* Default-568h@2x.png */; };
		3B81D048166700B500AB5269 /* HomeViewController.m in Sources */ = {isa = PBXBuildFile; fileRef = 3B81D047166700B500AB5269 /* HomeViewController.m */; };
		3BBB2FA5166A8BFB00ECFD63 /* ShiftsViewController.m in Sources */ = {isa = PBXBuildFile; fileRef = 3BBB2FA3166A8BFB00ECFD63 /* ShiftsViewController.m */; };
		3BBB2FA6166A8BFB00ECFD63 /* ShiftsViewController.xib in Resources */ = {isa = PBXBuildFile; fileRef = 3BBB2FA4166A8BFB00ECFD63 /* ShiftsViewController.xib */; };
		3BCB9DC91671475A001DA2E6 /* NSObject+SBJson.m in Sources */ = {isa = PBXBuildFile; fileRef = 3BCB9DB11671475A001DA2E6 /* NSObject+SBJson.m */; };
		3BCB9DCA1671475A001DA2E6 /* SBJsonParser.m in Sources */ = {isa = PBXBuildFile; fileRef = 3BCB9DB41671475A001DA2E6 /* SBJsonParser.m */; };
		3BCB9DCB1671475A001DA2E6 /* SBJsonStreamParser.m in Sources */ = {isa = PBXBuildFile; fileRef = 3BCB9DB61671475A001DA2E6 /* SBJsonStreamParser.m */; };
		3BCB9DCC1671475A001DA2E6 /* SBJsonStreamParserAccumulator.m in Sources */ = {isa = PBXBuildFile; fileRef = 3BCB9DB81671475A001DA2E6 /* SBJsonStreamParserAccumulator.m */; };
		3BCB9DCD1671475A001DA2E6 /* SBJsonStreamParserAdapter.m in Sources */ = {isa = PBXBuildFile; fileRef = 3BCB9DBA1671475A001DA2E6 /* SBJsonStreamParserAdapter.m */; };
		3BCB9DCE1671475A001DA2E6 /* SBJsonStreamParserState.m in Sources */ = {isa = PBXBuildFile; fileRef = 3BCB9DBC1671475A001DA2E6 /* SBJsonStreamParserState.m */; };
		3BCB9DCF1671475A001DA2E6 /* SBJsonStreamWriter.m in Sources */ = {isa = PBXBuildFile; fileRef = 3BCB9DBE1671475A001DA2E6 /* SBJsonStreamWriter.m */; };
		3BCB9DD01671475A001DA2E6 /* SBJsonStreamWriterAccumulator.m in Sources */ = {isa = PBXBuildFile; fileRef = 3BCB9DC01671475A001DA2E6 /* SBJsonStreamWriterAccumulator.m */; };
		3BCB9DD11671475A001DA2E6 /* SBJsonStreamWriterState.m in Sources */ = {isa = PBXBuildFile; fileRef = 3BCB9DC21671475A001DA2E6 /* SBJsonStreamWriterState.m */; };
		3BCB9DD21671475A001DA2E6 /* SBJsonTokeniser.m in Sources */ = {isa = PBXBuildFile; fileRef = 3BCB9DC41671475A001DA2E6 /* SBJsonTokeniser.m */; };
		3BCB9DD31671475A001DA2E6 /* SBJsonUTF8Stream.m in Sources */ = {isa = PBXBuildFile; fileRef = 3BCB9DC61671475A001DA2E6 /* SBJsonUTF8Stream.m */; };
		3BCB9DD41671475A001DA2E6 /* SBJsonWriter.m in Sources */ = {isa = PBXBuildFile; fileRef = 3BCB9DC81671475A001DA2E6 /* SBJsonWriter.m */; };
		3BD52F2B1667F4CC007AE676 /* QuartzCore.framework in Frameworks */ = {isa = PBXBuildFile; fileRef = 3BD52F2A1667F4CC007AE676 /* QuartzCore.framework */; };
		3BD6AC9B167125B60081A227 /* StaticPagesViewController.m in Sources */ = {isa = PBXBuildFile; fileRef = 3BD6AC99167125B50081A227 /* StaticPagesViewController.m */; };
		3BD6AC9C167125B60081A227 /* StaticPagesViewController.xib in Resources */ = {isa = PBXBuildFile; fileRef = 3BD6AC9A167125B50081A227 /* StaticPagesViewController.xib */; };
		3BD6ACA416712DE60081A227 /* LoginViewController.m in Sources */ = {isa = PBXBuildFile; fileRef = 3BD6ACA216712DE50081A227 /* LoginViewController.m */; };
		3BD6ACA516712DE60081A227 /* LoginViewController.xib in Resources */ = {isa = PBXBuildFile; fileRef = 3BD6ACA316712DE50081A227 /* LoginViewController.xib */; };
		3BDA60F9166D57980072C5AD /* selectedcheckbox.jpg in Resources */ = {isa = PBXBuildFile; fileRef = 3BDA60F7166D57980072C5AD /* selectedcheckbox.jpg */; };
		3BDA60FA166D57980072C5AD /* notselectedcheckbox.jpg in Resources */ = {isa = PBXBuildFile; fileRef = 3BDA60F8166D57980072C5AD /* notselectedcheckbox.jpg */; };
/* End PBXBuildFile section */

/* Begin PBXFileReference section */
		3B7492F8166A765900BAC7E4 /* appbar.numberlist.rest.png */ = {isa = PBXFileReference; lastKnownFileType = image.png; name = appbar.numberlist.rest.png; path = Images/appbar.numberlist.rest.png; sourceTree = "<group>"; };
		3B7492F9166A765900BAC7E4 /* appbar.phonebook.rest.png */ = {isa = PBXFileReference; lastKnownFileType = image.png; name = appbar.phonebook.rest.png; path = Images/appbar.phonebook.rest.png; sourceTree = "<group>"; };
		3B7492FA166A765900BAC7E4 /* appbar.pin.rest.png */ = {isa = PBXFileReference; lastKnownFileType = image.png; name = appbar.pin.rest.png; path = Images/appbar.pin.rest.png; sourceTree = "<group>"; };
		3B7492FB166A765900BAC7E4 /* appbar.time.rest.png */ = {isa = PBXFileReference; lastKnownFileType = image.png; name = appbar.time.rest.png; path = Images/appbar.time.rest.png; sourceTree = "<group>"; };
		3B7492FC166A765900BAC7E4 /* Calendar-Week.png */ = {isa = PBXFileReference; lastKnownFileType = image.png; name = "Calendar-Week.png"; path = "Images/Calendar-Week.png"; sourceTree = "<group>"; };
		3B749302166A767000BAC7E4 /* IIViewDeckController.h */ = {isa = PBXFileReference; fileEncoding = 4; lastKnownFileType = sourcecode.c.h; name = IIViewDeckController.h; path = "Helper Classes/IIViewDeckController.h"; sourceTree = "<group>"; };
		3B749303166A767000BAC7E4 /* IIViewDeckController.m */ = {isa = PBXFileReference; fileEncoding = 4; lastKnownFileType = sourcecode.c.objc; name = IIViewDeckController.m; path = "Helper Classes/IIViewDeckController.m"; sourceTree = "<group>"; };
		3B749304166A767000BAC7E4 /* WrapController.h */ = {isa = PBXFileReference; fileEncoding = 4; lastKnownFileType = sourcecode.c.h; name = WrapController.h; path = "Helper Classes/WrapController.h"; sourceTree = "<group>"; };
		3B749305166A767000BAC7E4 /* WrapController.m */ = {isa = PBXFileReference; fileEncoding = 4; lastKnownFileType = sourcecode.c.objc; name = WrapController.m; path = "Helper Classes/WrapController.m"; sourceTree = "<group>"; };
		3B749308166A77CB00BAC7E4 /* MenuViewController.h */ = {isa = PBXFileReference; fileEncoding = 4; lastKnownFileType = sourcecode.c.h; path = MenuViewController.h; sourceTree = "<group>"; };
		3B749309166A77CB00BAC7E4 /* MenuViewController.m */ = {isa = PBXFileReference; fileEncoding = 4; lastKnownFileType = sourcecode.c.objc; path = MenuViewController.m; sourceTree = "<group>"; };
		3B74930A166A77CB00BAC7E4 /* MenuViewController.xib */ = {isa = PBXFileReference; fileEncoding = 4; lastKnownFileType = file.xib; path = MenuViewController.xib; sourceTree = "<group>"; };
		3B74930D166A77E400BAC7E4 /* HomeViewController.xib */ = {isa = PBXFileReference; fileEncoding = 4; lastKnownFileType = file.xib; path = HomeViewController.xib; sourceTree = "<group>"; };
		3B8079B2166A82A0005FB31A /* ClockViewController.h */ = {isa = PBXFileReference; fileEncoding = 4; lastKnownFileType = sourcecode.c.h; path = ClockViewController.h; sourceTree = "<group>"; };
		3B8079B3166A82A0005FB31A /* ClockViewController.m */ = {isa = PBXFileReference; fileEncoding = 4; lastKnownFileType = sourcecode.c.objc; path = ClockViewController.m; sourceTree = "<group>"; };
		3B8079B4166A82A0005FB31A /* ClockViewController.xib */ = {isa = PBXFileReference; fileEncoding = 4; lastKnownFileType = file.xib; path = ClockViewController.xib; sourceTree = "<group>"; };
		3B8079B8166A8A44005FB31A /* ScheduleViewController.h */ = {isa = PBXFileReference; fileEncoding = 4; lastKnownFileType = sourcecode.c.h; path = ScheduleViewController.h; sourceTree = "<group>"; };
		3B8079B9166A8A44005FB31A /* ScheduleViewController.m */ = {isa = PBXFileReference; fileEncoding = 4; lastKnownFileType = sourcecode.c.objc; path = ScheduleViewController.m; sourceTree = "<group>"; };
		3B8079BA166A8A44005FB31A /* ScheduleViewController.xib */ = {isa = PBXFileReference; fileEncoding = 4; lastKnownFileType = file.xib; path = ScheduleViewController.xib; sourceTree = "<group>"; };
		3B8079C0166A8B60005FB31A /* DirectoryViewController.h */ = {isa = PBXFileReference; fileEncoding = 4; lastKnownFileType = sourcecode.c.h; path = DirectoryViewController.h; sourceTree = "<group>"; };
		3B8079C1166A8B60005FB31A /* DirectoryViewController.m */ = {isa = PBXFileReference; fileEncoding = 4; lastKnownFileType = sourcecode.c.objc; path = DirectoryViewController.m; sourceTree = "<group>"; };
		3B8079C2166A8B60005FB31A /* DirectoryViewController.xib */ = {isa = PBXFileReference; fileEncoding = 4; lastKnownFileType = file.xib; path = DirectoryViewController.xib; sourceTree = "<group>"; };
		3B81D02A166700B500AB5269 /* TCDB2.app */ = {isa = PBXFileReference; explicitFileType = wrapper.application; includeInIndex = 0; path = TCDB2.app; sourceTree = BUILT_PRODUCTS_DIR; };
		3B81D02E166700B500AB5269 /* UIKit.framework */ = {isa = PBXFileReference; lastKnownFileType = wrapper.framework; name = UIKit.framework; path = System/Library/Frameworks/UIKit.framework; sourceTree = SDKROOT; };
		3B81D030166700B500AB5269 /* Foundation.framework */ = {isa = PBXFileReference; lastKnownFileType = wrapper.framework; name = Foundation.framework; path = System/Library/Frameworks/Foundation.framework; sourceTree = SDKROOT; };
		3B81D032166700B500AB5269 /* CoreGraphics.framework */ = {isa = PBXFileReference; lastKnownFileType = wrapper.framework; name = CoreGraphics.framework; path = System/Library/Frameworks/CoreGraphics.framework; sourceTree = SDKROOT; };
		3B81D036166700B500AB5269 /* TCDB2-Info.plist */ = {isa = PBXFileReference; lastKnownFileType = text.plist.xml; path = "TCDB2-Info.plist"; sourceTree = "<group>"; };
		3B81D038166700B500AB5269 /* en */ = {isa = PBXFileReference; lastKnownFileType = text.plist.strings; name = en; path = en.lproj/InfoPlist.strings; sourceTree = "<group>"; };
		3B81D03A166700B500AB5269 /* main.m */ = {isa = PBXFileReference; lastKnownFileType = sourcecode.c.objc; path = main.m; sourceTree = "<group>"; };
		3B81D03C166700B500AB5269 /* TCDB2-Prefix.pch */ = {isa = PBXFileReference; lastKnownFileType = sourcecode.c.h; path = "TCDB2-Prefix.pch"; sourceTree = "<group>"; };
		3B81D03D166700B500AB5269 /* AppDelegate.h */ = {isa = PBXFileReference; lastKnownFileType = sourcecode.c.h; path = AppDelegate.h; sourceTree = "<group>"; };
		3B81D03E166700B500AB5269 /* AppDelegate.m */ = {isa = PBXFileReference; lastKnownFileType = sourcecode.c.objc; path = AppDelegate.m; sourceTree = "<group>"; };
		3B81D040166700B500AB5269 /* Default.png */ = {isa = PBXFileReference; lastKnownFileType = image.png; path = Default.png; sourceTree = "<group>"; };
		3B81D042166700B500AB5269 /* Default@2x.png */ = {isa = PBXFileReference; lastKnownFileType = image.png; path = "Default@2x.png"; sourceTree = "<group>"; };
		3B81D044166700B500AB5269 /* Default-568h@2x.png */ = {isa = PBXFileReference; lastKnownFileType = image.png; path = "Default-568h@2x.png"; sourceTree = "<group>"; };
		3B81D046166700B500AB5269 /* HomeViewController.h */ = {isa = PBXFileReference; lastKnownFileType = sourcecode.c.h; path = HomeViewController.h; sourceTree = "<group>"; };
		3B81D047166700B500AB5269 /* HomeViewController.m */ = {isa = PBXFileReference; lastKnownFileType = sourcecode.c.objc; path = HomeViewController.m; sourceTree = "<group>"; };
		3BBB2FA2166A8BFB00ECFD63 /* ShiftsViewController.h */ = {isa = PBXFileReference; fileEncoding = 4; lastKnownFileType = sourcecode.c.h; name = ShiftsViewController.h; path = ../ShiftsViewController.h; sourceTree = "<group>"; };
		3BBB2FA3166A8BFB00ECFD63 /* ShiftsViewController.m */ = {isa = PBXFileReference; fileEncoding = 4; lastKnownFileType = sourcecode.c.objc; name = ShiftsViewController.m; path = ../ShiftsViewController.m; sourceTree = "<group>"; };
		3BBB2FA4166A8BFB00ECFD63 /* ShiftsViewController.xib */ = {isa = PBXFileReference; fileEncoding = 4; lastKnownFileType = file.xib; name = ShiftsViewController.xib; path = ../ShiftsViewController.xib; sourceTree = "<group>"; };
		3BCB9DB01671475A001DA2E6 /* NSObject+SBJson.h */ = {isa = PBXFileReference; fileEncoding = 4; lastKnownFileType = sourcecode.c.h; path = "NSObject+SBJson.h"; sourceTree = "<group>"; };
		3BCB9DB11671475A001DA2E6 /* NSObject+SBJson.m */ = {isa = PBXFileReference; fileEncoding = 4; lastKnownFileType = sourcecode.c.objc; path = "NSObject+SBJson.m"; sourceTree = "<group>"; };
		3BCB9DB21671475A001DA2E6 /* SBJson.h */ = {isa = PBXFileReference; fileEncoding = 4; lastKnownFileType = sourcecode.c.h; path = SBJson.h; sourceTree = "<group>"; };
		3BCB9DB31671475A001DA2E6 /* SBJsonParser.h */ = {isa = PBXFileReference; fileEncoding = 4; lastKnownFileType = sourcecode.c.h; path = SBJsonParser.h; sourceTree = "<group>"; };
		3BCB9DB41671475A001DA2E6 /* SBJsonParser.m */ = {isa = PBXFileReference; fileEncoding = 4; lastKnownFileType = sourcecode.c.objc; path = SBJsonParser.m; sourceTree = "<group>"; };
		3BCB9DB51671475A001DA2E6 /* SBJsonStreamParser.h */ = {isa = PBXFileReference; fileEncoding = 4; lastKnownFileType = sourcecode.c.h; path = SBJsonStreamParser.h; sourceTree = "<group>"; };
		3BCB9DB61671475A001DA2E6 /* SBJsonStreamParser.m */ = {isa = PBXFileReference; fileEncoding = 4; lastKnownFileType = sourcecode.c.objc; path = SBJsonStreamParser.m; sourceTree = "<group>"; };
		3BCB9DB71671475A001DA2E6 /* SBJsonStreamParserAccumulator.h */ = {isa = PBXFileReference; fileEncoding = 4; lastKnownFileType = sourcecode.c.h; path = SBJsonStreamParserAccumulator.h; sourceTree = "<group>"; };
		3BCB9DB81671475A001DA2E6 /* SBJsonStreamParserAccumulator.m */ = {isa = PBXFileReference; fileEncoding = 4; lastKnownFileType = sourcecode.c.objc; path = SBJsonStreamParserAccumulator.m; sourceTree = "<group>"; };
		3BCB9DB91671475A001DA2E6 /* SBJsonStreamParserAdapter.h */ = {isa = PBXFileReference; fileEncoding = 4; lastKnownFileType = sourcecode.c.h; path = SBJsonStreamParserAdapter.h; sourceTree = "<group>"; };
		3BCB9DBA1671475A001DA2E6 /* SBJsonStreamParserAdapter.m */ = {isa = PBXFileReference; fileEncoding = 4; lastKnownFileType = sourcecode.c.objc; path = SBJsonStreamParserAdapter.m; sourceTree = "<group>"; };
		3BCB9DBB1671475A001DA2E6 /* SBJsonStreamParserState.h */ = {isa = PBXFileReference; fileEncoding = 4; lastKnownFileType = sourcecode.c.h; path = SBJsonStreamParserState.h; sourceTree = "<group>"; };
		3BCB9DBC1671475A001DA2E6 /* SBJsonStreamParserState.m */ = {isa = PBXFileReference; fileEncoding = 4; lastKnownFileType = sourcecode.c.objc; path = SBJsonStreamParserState.m; sourceTree = "<group>"; };
		3BCB9DBD1671475A001DA2E6 /* SBJsonStreamWriter.h */ = {isa = PBXFileReference; fileEncoding = 4; lastKnownFileType = sourcecode.c.h; path = SBJsonStreamWriter.h; sourceTree = "<group>"; };
		3BCB9DBE1671475A001DA2E6 /* SBJsonStreamWriter.m */ = {isa = PBXFileReference; fileEncoding = 4; lastKnownFileType = sourcecode.c.objc; path = SBJsonStreamWriter.m; sourceTree = "<group>"; };
		3BCB9DBF1671475A001DA2E6 /* SBJsonStreamWriterAccumulator.h */ = {isa = PBXFileReference; fileEncoding = 4; lastKnownFileType = sourcecode.c.h; path = SBJsonStreamWriterAccumulator.h; sourceTree = "<group>"; };
		3BCB9DC01671475A001DA2E6 /* SBJsonStreamWriterAccumulator.m */ = {isa = PBXFileReference; fileEncoding = 4; lastKnownFileType = sourcecode.c.objc; path = SBJsonStreamWriterAccumulator.m; sourceTree = "<group>"; };
		3BCB9DC11671475A001DA2E6 /* SBJsonStreamWriterState.h */ = {isa = PBXFileReference; fileEncoding = 4; lastKnownFileType = sourcecode.c.h; path = SBJsonStreamWriterState.h; sourceTree = "<group>"; };
		3BCB9DC21671475A001DA2E6 /* SBJsonStreamWriterState.m */ = {isa = PBXFileReference; fileEncoding = 4; lastKnownFileType = sourcecode.c.objc; path = SBJsonStreamWriterState.m; sourceTree = "<group>"; };
		3BCB9DC31671475A001DA2E6 /* SBJsonTokeniser.h */ = {isa = PBXFileReference; fileEncoding = 4; lastKnownFileType = sourcecode.c.h; path = SBJsonTokeniser.h; sourceTree = "<group>"; };
		3BCB9DC41671475A001DA2E6 /* SBJsonTokeniser.m */ = {isa = PBXFileReference; fileEncoding = 4; lastKnownFileType = sourcecode.c.objc; path = SBJsonTokeniser.m; sourceTree = "<group>"; };
		3BCB9DC51671475A001DA2E6 /* SBJsonUTF8Stream.h */ = {isa = PBXFileReference; fileEncoding = 4; lastKnownFileType = sourcecode.c.h; path = SBJsonUTF8Stream.h; sourceTree = "<group>"; };
		3BCB9DC61671475A001DA2E6 /* SBJsonUTF8Stream.m */ = {isa = PBXFileReference; fileEncoding = 4; lastKnownFileType = sourcecode.c.objc; path = SBJsonUTF8Stream.m; sourceTree = "<group>"; };
		3BCB9DC71671475A001DA2E6 /* SBJsonWriter.h */ = {isa = PBXFileReference; fileEncoding = 4; lastKnownFileType = sourcecode.c.h; path = SBJsonWriter.h; sourceTree = "<group>"; };
		3BCB9DC81671475A001DA2E6 /* SBJsonWriter.m */ = {isa = PBXFileReference; fileEncoding = 4; lastKnownFileType = sourcecode.c.objc; path = SBJsonWriter.m; sourceTree = "<group>"; };
		3BD52F2A1667F4CC007AE676 /* QuartzCore.framework */ = {isa = PBXFileReference; lastKnownFileType = wrapper.framework; name = QuartzCore.framework; path = System/Library/Frameworks/QuartzCore.framework; sourceTree = SDKROOT; };
		3BD6AC98167125B50081A227 /* StaticPagesViewController.h */ = {isa = PBXFileReference; fileEncoding = 4; lastKnownFileType = sourcecode.c.h; path = StaticPagesViewController.h; sourceTree = "<group>"; };
		3BD6AC99167125B50081A227 /* StaticPagesViewController.m */ = {isa = PBXFileReference; fileEncoding = 4; lastKnownFileType = sourcecode.c.objc; path = StaticPagesViewController.m; sourceTree = "<group>"; };
		3BD6AC9A167125B50081A227 /* StaticPagesViewController.xib */ = {isa = PBXFileReference; fileEncoding = 4; lastKnownFileType = file.xib; path = StaticPagesViewController.xib; sourceTree = "<group>"; };
		3BD6ACA116712DE50081A227 /* LoginViewController.h */ = {isa = PBXFileReference; fileEncoding = 4; lastKnownFileType = sourcecode.c.h; path = LoginViewController.h; sourceTree = "<group>"; };
		3BD6ACA216712DE50081A227 /* LoginViewController.m */ = {isa = PBXFileReference; fileEncoding = 4; lastKnownFileType = sourcecode.c.objc; path = LoginViewController.m; sourceTree = "<group>"; };
		3BD6ACA316712DE50081A227 /* LoginViewController.xib */ = {isa = PBXFileReference; fileEncoding = 4; lastKnownFileType = file.xib; path = LoginViewController.xib; sourceTree = "<group>"; };
		3BDA60F7166D57980072C5AD /* selectedcheckbox.jpg */ = {isa = PBXFileReference; lastKnownFileType = image.jpeg; path = selectedcheckbox.jpg; sourceTree = "<group>"; };
		3BDA60F8166D57980072C5AD /* notselectedcheckbox.jpg */ = {isa = PBXFileReference; lastKnownFileType = image.jpeg; path = notselectedcheckbox.jpg; sourceTree = "<group>"; };
/* End PBXFileReference section */

/* Begin PBXFrameworksBuildPhase section */
		3B81D027166700B500AB5269 /* Frameworks */ = {
			isa = PBXFrameworksBuildPhase;
			buildActionMask = 2147483647;
			files = (
				3BD52F2B1667F4CC007AE676 /* QuartzCore.framework in Frameworks */,
				3B81D02F166700B500AB5269 /* UIKit.framework in Frameworks */,
				3B81D031166700B500AB5269 /* Foundation.framework in Frameworks */,
				3B81D033166700B500AB5269 /* CoreGraphics.framework in Frameworks */,
			);
			runOnlyForDeploymentPostprocessing = 0;
		};
/* End PBXFrameworksBuildPhase section */

/* Begin PBXGroup section */
		3B3E4BA8166A74770099DA35 /* Images */ = {
			isa = PBXGroup;
			children = (
				3BDA60F7166D57980072C5AD /* selectedcheckbox.jpg */,
				3BDA60F8166D57980072C5AD /* notselectedcheckbox.jpg */,
				3B7492F8166A765900BAC7E4 /* appbar.numberlist.rest.png */,
				3B7492F9166A765900BAC7E4 /* appbar.phonebook.rest.png */,
				3B7492FA166A765900BAC7E4 /* appbar.pin.rest.png */,
				3B7492FB166A765900BAC7E4 /* appbar.time.rest.png */,
				3B7492FC166A765900BAC7E4 /* Calendar-Week.png */,
			);
			name = Images;
			sourceTree = "<group>";
		};
		3B81D01F166700B500AB5269 = {
			isa = PBXGroup;
			children = (
				3B81D034166700B500AB5269 /* TCDB2 */,
				3B81D02D166700B500AB5269 /* Frameworks */,
				3B81D02B166700B500AB5269 /* Products */,
			);
			sourceTree = "<group>";
		};
		3B81D02B166700B500AB5269 /* Products */ = {
			isa = PBXGroup;
			children = (
				3B81D02A166700B500AB5269 /* TCDB2.app */,
			);
			name = Products;
			sourceTree = "<group>";
		};
		3B81D02D166700B500AB5269 /* Frameworks */ = {
			isa = PBXGroup;
			children = (
				3BD52F2A1667F4CC007AE676 /* QuartzCore.framework */,
				3B81D02E166700B500AB5269 /* UIKit.framework */,
				3B81D030166700B500AB5269 /* Foundation.framework */,
				3B81D032166700B500AB5269 /* CoreGraphics.framework */,
			);
			name = Frameworks;
			sourceTree = "<group>";
		};
		3B81D034166700B500AB5269 /* TCDB2 */ = {
			isa = PBXGroup;
			children = (
				3BD52F2F1667F5AF007AE676 /* AppDelegate */,
				3BD52F301667F5B9007AE676 /* Helper Classes */,
				3B3E4BA8166A74770099DA35 /* Images */,
				3BD6ACA116712DE50081A227 /* LoginViewController.h */,
				3BD6ACA216712DE50081A227 /* LoginViewController.m */,
				3BD6ACA316712DE50081A227 /* LoginViewController.xib */,
				3B81D046166700B500AB5269 /* HomeViewController.h */,
				3B81D047166700B500AB5269 /* HomeViewController.m */,
				3B74930D166A77E400BAC7E4 /* HomeViewController.xib */,
				3B8079B2166A82A0005FB31A /* ClockViewController.h */,
				3B8079B3166A82A0005FB31A /* ClockViewController.m */,
				3B8079B4166A82A0005FB31A /* ClockViewController.xib */,
				3B8079C0166A8B60005FB31A /* DirectoryViewController.h */,
				3B8079C1166A8B60005FB31A /* DirectoryViewController.m */,
				3B8079C2166A8B60005FB31A /* DirectoryViewController.xib */,
				3B8079B8166A8A44005FB31A /* ScheduleViewController.h */,
				3B8079B9166A8A44005FB31A /* ScheduleViewController.m */,
				3B8079BA166A8A44005FB31A /* ScheduleViewController.xib */,
				3BBB2FA2166A8BFB00ECFD63 /* ShiftsViewController.h */,
				3BBB2FA3166A8BFB00ECFD63 /* ShiftsViewController.m */,
				3BBB2FA4166A8BFB00ECFD63 /* ShiftsViewController.xib */,
				3B749308166A77CB00BAC7E4 /* MenuViewController.h */,
				3B749309166A77CB00BAC7E4 /* MenuViewController.m */,
				3B74930A166A77CB00BAC7E4 /* MenuViewController.xib */,
				3BD6AC98167125B50081A227 /* StaticPagesViewController.h */,
				3BD6AC99167125B50081A227 /* StaticPagesViewController.m */,
				3BD6AC9A167125B50081A227 /* StaticPagesViewController.xib */,
				3B81D035166700B500AB5269 /* Supporting Files */,
			);
			path = TCDB2;
			sourceTree = "<group>";
		};
		3B81D035166700B500AB5269 /* Supporting Files */ = {
			isa = PBXGroup;
			children = (
				3B81D036166700B500AB5269 /* TCDB2-Info.plist */,
				3B81D037166700B500AB5269 /* InfoPlist.strings */,
				3B81D03A166700B500AB5269 /* main.m */,
				3B81D03C166700B500AB5269 /* TCDB2-Prefix.pch */,
				3B81D040166700B500AB5269 /* Default.png */,
				3B81D042166700B500AB5269 /* Default@2x.png */,
				3B81D044166700B500AB5269 /* Default-568h@2x.png */,
			);
			name = "Supporting Files";
			sourceTree = "<group>";
		};
		3BCB9DAF1671475A001DA2E6 /* SBJSON */ = {
			isa = PBXGroup;
			children = (
				3BCB9DB01671475A001DA2E6 /* NSObject+SBJson.h */,
				3BCB9DB11671475A001DA2E6 /* NSObject+SBJson.m */,
				3BCB9DB21671475A001DA2E6 /* SBJson.h */,
				3BCB9DB31671475A001DA2E6 /* SBJsonParser.h */,
				3BCB9DB41671475A001DA2E6 /* SBJsonParser.m */,
				3BCB9DB51671475A001DA2E6 /* SBJsonStreamParser.h */,
				3BCB9DB61671475A001DA2E6 /* SBJsonStreamParser.m */,
				3BCB9DB71671475A001DA2E6 /* SBJsonStreamParserAccumulator.h */,
				3BCB9DB81671475A001DA2E6 /* SBJsonStreamParserAccumulator.m */,
				3BCB9DB91671475A001DA2E6 /* SBJsonStreamParserAdapter.h */,
				3BCB9DBA1671475A001DA2E6 /* SBJsonStreamParserAdapter.m */,
				3BCB9DBB1671475A001DA2E6 /* SBJsonStreamParserState.h */,
				3BCB9DBC1671475A001DA2E6 /* SBJsonStreamParserState.m */,
				3BCB9DBD1671475A001DA2E6 /* SBJsonStreamWriter.h */,
				3BCB9DBE1671475A001DA2E6 /* SBJsonStreamWriter.m */,
				3BCB9DBF1671475A001DA2E6 /* SBJsonStreamWriterAccumulator.h */,
				3BCB9DC01671475A001DA2E6 /* SBJsonStreamWriterAccumulator.m */,
				3BCB9DC11671475A001DA2E6 /* SBJsonStreamWriterState.h */,
				3BCB9DC21671475A001DA2E6 /* SBJsonStreamWriterState.m */,
				3BCB9DC31671475A001DA2E6 /* SBJsonTokeniser.h */,
				3BCB9DC41671475A001DA2E6 /* SBJsonTokeniser.m */,
				3BCB9DC51671475A001DA2E6 /* SBJsonUTF8Stream.h */,
				3BCB9DC61671475A001DA2E6 /* SBJsonUTF8Stream.m */,
				3BCB9DC71671475A001DA2E6 /* SBJsonWriter.h */,
				3BCB9DC81671475A001DA2E6 /* SBJsonWriter.m */,
			);
			name = SBJSON;
			path = Classes;
			sourceTree = "<group>";
		};
		3BD52F2F1667F5AF007AE676 /* AppDelegate */ = {
			isa = PBXGroup;
			children = (
				3B81D03D166700B500AB5269 /* AppDelegate.h */,
				3B81D03E166700B500AB5269 /* AppDelegate.m */,
			);
			name = AppDelegate;
			sourceTree = "<group>";
		};
		3BD52F301667F5B9007AE676 /* Helper Classes */ = {
			isa = PBXGroup;
			children = (
				3B749302166A767000BAC7E4 /* IIViewDeckController.h */,
				3B749303166A767000BAC7E4 /* IIViewDeckController.m */,
				3B749304166A767000BAC7E4 /* WrapController.h */,
				3B749305166A767000BAC7E4 /* WrapController.m */,
				3BCB9DAF1671475A001DA2E6 /* SBJSON */,
			);
			name = "Helper Classes";
			sourceTree = "<group>";
		};
/* End PBXGroup section */

/* Begin PBXNativeTarget section */
		3B81D029166700B500AB5269 /* TCDB2 */ = {
			isa = PBXNativeTarget;
			buildConfigurationList = 3B81D051166700B500AB5269 /* Build configuration list for PBXNativeTarget "TCDB2" */;
			buildPhases = (
				3B81D026166700B500AB5269 /* Sources */,
				3B81D027166700B500AB5269 /* Frameworks */,
				3B81D028166700B500AB5269 /* Resources */,
			);
			buildRules = (
			);
			dependencies = (
			);
			name = TCDB2;
			productName = TCDB2;
			productReference = 3B81D02A166700B500AB5269 /* TCDB2.app */;
			productType = "com.apple.product-type.application";
		};
/* End PBXNativeTarget section */

/* Begin PBXProject section */
		3B81D021166700B500AB5269 /* Project object */ = {
			isa = PBXProject;
			attributes = {
				LastUpgradeCheck = 0450;
				ORGANIZATIONNAME = GrinnellAppDev;
			};
			buildConfigurationList = 3B81D024166700B500AB5269 /* Build configuration list for PBXProject "TCDB2" */;
			compatibilityVersion = "Xcode 3.2";
			developmentRegion = English;
			hasScannedForEncodings = 0;
			knownRegions = (
				en,
			);
			mainGroup = 3B81D01F166700B500AB5269;
			productRefGroup = 3B81D02B166700B500AB5269 /* Products */;
			projectDirPath = "";
			projectRoot = "";
			targets = (
				3B81D029166700B500AB5269 /* TCDB2 */,
			);
		};
/* End PBXProject section */

/* Begin PBXResourcesBuildPhase section */
		3B81D028166700B500AB5269 /* Resources */ = {
			isa = PBXResourcesBuildPhase;
			buildActionMask = 2147483647;
			files = (
				3B81D039166700B500AB5269 /* InfoPlist.strings in Resources */,
				3B81D041166700B500AB5269 /* Default.png in Resources */,
				3B81D043166700B500AB5269 /* Default@2x.png in Resources */,
				3B81D045166700B500AB5269 /* Default-568h@2x.png in Resources */,
				3B7492FD166A765900BAC7E4 /* appbar.numberlist.rest.png in Resources */,
				3B7492FE166A765900BAC7E4 /* appbar.phonebook.rest.png in Resources */,
				3B7492FF166A765900BAC7E4 /* appbar.pin.rest.png in Resources */,
				3B749300166A765900BAC7E4 /* appbar.time.rest.png in Resources */,
				3B749301166A765900BAC7E4 /* Calendar-Week.png in Resources */,
				3B74930C166A77CB00BAC7E4 /* MenuViewController.xib in Resources */,
				3B74930E166A77E400BAC7E4 /* HomeViewController.xib in Resources */,
				3B8079B6166A82A0005FB31A /* ClockViewController.xib in Resources */,
				3B8079BC166A8A45005FB31A /* ScheduleViewController.xib in Resources */,
				3B8079C4166A8B60005FB31A /* DirectoryViewController.xib in Resources */,
				3BBB2FA6166A8BFB00ECFD63 /* ShiftsViewController.xib in Resources */,
				3BDA60F9166D57980072C5AD /* selectedcheckbox.jpg in Resources */,
				3BDA60FA166D57980072C5AD /* notselectedcheckbox.jpg in Resources */,
				3BD6AC9C167125B60081A227 /* StaticPagesViewController.xib in Resources */,
				3BD6ACA516712DE60081A227 /* LoginViewController.xib in Resources */,
			);
			runOnlyForDeploymentPostprocessing = 0;
		};
/* End PBXResourcesBuildPhase section */

/* Begin PBXSourcesBuildPhase section */
		3B81D026166700B500AB5269 /* Sources */ = {
			isa = PBXSourcesBuildPhase;
			buildActionMask = 2147483647;
			files = (
				3B81D03B166700B500AB5269 /* main.m in Sources */,
				3B81D03F166700B500AB5269 /* AppDelegate.m in Sources */,
				3B81D048166700B500AB5269 /* HomeViewController.m in Sources */,
				3B749306166A767000BAC7E4 /* IIViewDeckController.m in Sources */,
				3B749307166A767000BAC7E4 /* WrapController.m in Sources */,
				3B74930B166A77CB00BAC7E4 /* MenuViewController.m in Sources */,
				3B8079B5166A82A0005FB31A /* ClockViewController.m in Sources */,
				3B8079BB166A8A45005FB31A /* ScheduleViewController.m in Sources */,
				3B8079C3166A8B60005FB31A /* DirectoryViewController.m in Sources */,
				3BBB2FA5166A8BFB00ECFD63 /* ShiftsViewController.m in Sources */,
				3BD6AC9B167125B60081A227 /* StaticPagesViewController.m in Sources */,
				3BD6ACA416712DE60081A227 /* LoginViewController.m in Sources */,
				3BCB9DC91671475A001DA2E6 /* NSObject+SBJson.m in Sources */,
				3BCB9DCA1671475A001DA2E6 /* SBJsonParser.m in Sources */,
				3BCB9DCB1671475A001DA2E6 /* SBJsonStreamParser.m in Sources */,
				3BCB9DCC1671475A001DA2E6 /* SBJsonStreamParserAccumulator.m in Sources */,
				3BCB9DCD1671475A001DA2E6 /* SBJsonStreamParserAdapter.m in Sources */,
				3BCB9DCE1671475A001DA2E6 /* SBJsonStreamParserState.m in Sources */,
				3BCB9DCF1671475A001DA2E6 /* SBJsonStreamWriter.m in Sources */,
				3BCB9DD01671475A001DA2E6 /* SBJsonStreamWriterAccumulator.m in Sources */,
				3BCB9DD11671475A001DA2E6 /* SBJsonStreamWriterState.m in Sources */,
				3BCB9DD21671475A001DA2E6 /* SBJsonTokeniser.m in Sources */,
				3BCB9DD31671475A001DA2E6 /* SBJsonUTF8Stream.m in Sources */,
				3BCB9DD41671475A001DA2E6 /* SBJsonWriter.m in Sources */,
			);
			runOnlyForDeploymentPostprocessing = 0;
		};
/* End PBXSourcesBuildPhase section */

/* Begin PBXVariantGroup section */
		3B81D037166700B500AB5269 /* InfoPlist.strings */ = {
			isa = PBXVariantGroup;
			children = (
				3B81D038166700B500AB5269 /* en */,
			);
			name = InfoPlist.strings;
			sourceTree = "<group>";
		};
/* End PBXVariantGroup section */

/* Begin XCBuildConfiguration section */
		3B81D04F166700B500AB5269 /* Debug */ = {
			isa = XCBuildConfiguration;
			buildSettings = {
				ALWAYS_SEARCH_USER_PATHS = NO;
				CLANG_CXX_LANGUAGE_STANDARD = "gnu++0x";
				CLANG_CXX_LIBRARY = "libc++";
				CLANG_ENABLE_OBJC_ARC = YES;
				CLANG_WARN_EMPTY_BODY = YES;
				CLANG_WARN__DUPLICATE_METHOD_MATCH = YES;
				"CODE_SIGN_IDENTITY[sdk=iphoneos*]" = "iPhone Developer";
				COPY_PHASE_STRIP = NO;
				GCC_C_LANGUAGE_STANDARD = gnu99;
				GCC_DYNAMIC_NO_PIC = NO;
				GCC_OPTIMIZATION_LEVEL = 0;
				GCC_PREPROCESSOR_DEFINITIONS = (
					"DEBUG=1",
					"$(inherited)",
				);
				GCC_SYMBOLS_PRIVATE_EXTERN = NO;
				GCC_WARN_ABOUT_RETURN_TYPE = YES;
				GCC_WARN_UNINITIALIZED_AUTOS = YES;
				GCC_WARN_UNUSED_VARIABLE = YES;
				IPHONEOS_DEPLOYMENT_TARGET = 6.0;
				ONLY_ACTIVE_ARCH = YES;
				SDKROOT = iphoneos;
				TARGETED_DEVICE_FAMILY = "1,2";
			};
			name = Debug;
		};
		3B81D050166700B500AB5269 /* Release */ = {
			isa = XCBuildConfiguration;
			buildSettings = {
				ALWAYS_SEARCH_USER_PATHS = NO;
				CLANG_CXX_LANGUAGE_STANDARD = "gnu++0x";
				CLANG_CXX_LIBRARY = "libc++";
				CLANG_ENABLE_OBJC_ARC = YES;
				CLANG_WARN_EMPTY_BODY = YES;
				CLANG_WARN__DUPLICATE_METHOD_MATCH = YES;
				"CODE_SIGN_IDENTITY[sdk=iphoneos*]" = "iPhone Developer";
				COPY_PHASE_STRIP = YES;
				GCC_C_LANGUAGE_STANDARD = gnu99;
				GCC_WARN_ABOUT_RETURN_TYPE = YES;
				GCC_WARN_UNINITIALIZED_AUTOS = YES;
				GCC_WARN_UNUSED_VARIABLE = YES;
				IPHONEOS_DEPLOYMENT_TARGET = 6.0;
				OTHER_CFLAGS = "-DNS_BLOCK_ASSERTIONS=1";
				SDKROOT = iphoneos;
				TARGETED_DEVICE_FAMILY = "1,2";
				VALIDATE_PRODUCT = YES;
			};
			name = Release;
		};
		3B81D052166700B500AB5269 /* Debug */ = {
			isa = XCBuildConfiguration;
			buildSettings = {
				GCC_PRECOMPILE_PREFIX_HEADER = YES;
				GCC_PREFIX_HEADER = "TCDB2/TCDB2-Prefix.pch";
				INFOPLIST_FILE = "TCDB2/TCDB2-Info.plist";
				IPHONEOS_DEPLOYMENT_TARGET = 5.0;
				PRODUCT_NAME = "$(TARGET_NAME)";
				WRAPPER_EXTENSION = app;
			};
			name = Debug;
		};
		3B81D053166700B500AB5269 /* Release */ = {
			isa = XCBuildConfiguration;
			buildSettings = {
				GCC_PRECOMPILE_PREFIX_HEADER = YES;
				GCC_PREFIX_HEADER = "TCDB2/TCDB2-Prefix.pch";
				INFOPLIST_FILE = "TCDB2/TCDB2-Info.plist";
				IPHONEOS_DEPLOYMENT_TARGET = 5.0;
				PRODUCT_NAME = "$(TARGET_NAME)";
				WRAPPER_EXTENSION = app;
			};
			name = Release;
		};
/* End XCBuildConfiguration section */

/* Begin XCConfigurationList section */
		3B81D024166700B500AB5269 /* Build configuration list for PBXProject "TCDB2" */ = {
			isa = XCConfigurationList;
			buildConfigurations = (
				3B81D04F166700B500AB5269 /* Debug */,
				3B81D050166700B500AB5269 /* Release */,
			);
			defaultConfigurationIsVisible = 0;
			defaultConfigurationName = Release;
		};
		3B81D051166700B500AB5269 /* Build configuration list for PBXNativeTarget "TCDB2" */ = {
			isa = XCConfigurationList;
			buildConfigurations = (
				3B81D052166700B500AB5269 /* Debug */,
				3B81D053166700B500AB5269 /* Release */,
			);
			defaultConfigurationIsVisible = 0;
			defaultConfigurationName = Release;
		};
/* End XCConfigurationList section */
	};
	rootObject = 3B81D021166700B500AB5269 /* Project object */;
}
